// !$*UTF8*$!
{
	archiveVersion = 1;
	classes = {
	};
	objectVersion = 46;
	objects = {

/* Begin PBXBuildFile section */
		990606261ACBA8660014964E /* main.m in Sources */ = {isa = PBXBuildFile; fileRef = 990606251ACBA8660014964E /* main.m */; };
		990606291ACBA8660014964E /* AppDelegate.m in Sources */ = {isa = PBXBuildFile; fileRef = 990606281ACBA8660014964E /* AppDelegate.m */; };
		9906062C1ACBA8660014964E /* ViewController.m in Sources */ = {isa = PBXBuildFile; fileRef = 9906062B1ACBA8660014964E /* ViewController.m */; };
		9906062F1ACBA8660014964E /* Main.storyboard in Resources */ = {isa = PBXBuildFile; fileRef = 9906062D1ACBA8660014964E /* Main.storyboard */; };
		990606311ACBA8660014964E /* Images.xcassets in Resources */ = {isa = PBXBuildFile; fileRef = 990606301ACBA8660014964E /* Images.xcassets */; };
		990606341ACBA8660014964E /* LaunchScreen.xib in Resources */ = {isa = PBXBuildFile; fileRef = 990606321ACBA8660014964E /* LaunchScreen.xib */; };
		990606401ACBA8660014964E /* rssTests.m in Sources */ = {isa = PBXBuildFile; fileRef = 9906063F1ACBA8660014964E /* rssTests.m */; };
		990606911ACE869C0014964E /* UnreadViewController.m in Sources */ = {isa = PBXBuildFile; fileRef = 990606901ACE869C0014964E /* UnreadViewController.m */; };
		997E43EB1AD3D4BB002CB3BB /* OAuthWebViewController.m in Sources */ = {isa = PBXBuildFile; fileRef = 997E43EA1AD3D4BB002CB3BB /* OAuthWebViewController.m */; };
		9987E7771AF36FCE002622EE /* AKAFeedWebViewController.m in Sources */ = {isa = PBXBuildFile; fileRef = 9987E7761AF36FCE002622EE /* AKAFeedWebViewController.m */; };
		9987E7791AF3AA39002622EE /* AKADetailImgCustomCell.xib in Resources */ = {isa = PBXBuildFile; fileRef = 9987E7781AF3AA39002622EE /* AKADetailImgCustomCell.xib */; };
		9987E77C1AF4895C002622EE /* AKAMarkersFeed.m in Sources */ = {isa = PBXBuildFile; fileRef = 9987E77B1AF4895C002622EE /* AKAMarkersFeed.m */; };
		9987E7801AF7459C002622EE /* AKAPopupViewController.m in Sources */ = {isa = PBXBuildFile; fileRef = 9987E77E1AF7459C002622EE /* AKAPopupViewController.m */; };
		9987E7811AF7459C002622EE /* AKAPopupViewController.xib in Resources */ = {isa = PBXBuildFile; fileRef = 9987E77F1AF7459C002622EE /* AKAPopupViewController.xib */; };
		9987E7851AF7A0C6002622EE /* AKAUnreadPopupViewController.xib in Resources */ = {isa = PBXBuildFile; fileRef = 9987E7841AF7A0C6002622EE /* AKAUnreadPopupViewController.xib */; };
		9987E7871AF7A21B002622EE /* AKAUnsavedPopupViewController.xib in Resources */ = {isa = PBXBuildFile; fileRef = 9987E7861AF7A21B002622EE /* AKAUnsavedPopupViewController.xib */; };
		9987E7891AF7A297002622EE /* AKAReadPopupViewController.xib in Resources */ = {isa = PBXBuildFile; fileRef = 9987E7881AF7A297002622EE /* AKAReadPopupViewController.xib */; };
		998A2EC71AFCF0A200967A77 /* AKANavigationController.m in Sources */ = {isa = PBXBuildFile; fileRef = 998A2EC61AFCF0A200967A77 /* AKANavigationController.m */; };
		998A2ECD1AFF693300967A77 /* AKASettingViewController.m in Sources */ = {isa = PBXBuildFile; fileRef = 998A2ECC1AFF693300967A77 /* AKASettingViewController.m */; };
		998C90761B131CFE008CB8D0 /* AKASettingCustomCell.m in Sources */ = {isa = PBXBuildFile; fileRef = 998C90741B131CFE008CB8D0 /* AKASettingCustomCell.m */; };
		998C90771B131CFE008CB8D0 /* AKASettingCustomCell.xib in Resources */ = {isa = PBXBuildFile; fileRef = 998C90751B131CFE008CB8D0 /* AKASettingCustomCell.xib */; };
		998C907A1B132157008CB8D0 /* AKADetailSettingViewController.m in Sources */ = {isa = PBXBuildFile; fileRef = 998C90791B132157008CB8D0 /* AKADetailSettingViewController.m */; };
		998C90801B1B37C2008CB8D0 /* AKAPocketViewController.m in Sources */ = {isa = PBXBuildFile; fileRef = 998C907F1B1B37C2008CB8D0 /* AKAPocketViewController.m */; };
		999BEA2C1ADFF0CB0087D51A /* Model.xcdatamodeld in Sources */ = {isa = PBXBuildFile; fileRef = 999BEA2A1ADFF0CB0087D51A /* Model.xcdatamodeld */; };
		99A0A2DE1AE10DC100A3A592 /* CoreData.framework in Frameworks */ = {isa = PBXBuildFile; fileRef = 99A0A2DD1AE10DC100A3A592 /* CoreData.framework */; };
		99A0A2E71AE110A000A3A592 /* AKACoreData.m in Sources */ = {isa = PBXBuildFile; fileRef = 99A0A2E61AE110A000A3A592 /* AKACoreData.m */; };
		99A0A2EA1AE1153F00A3A592 /* AKASynchronized.m in Sources */ = {isa = PBXBuildFile; fileRef = 99A0A2E91AE1153F00A3A592 /* AKASynchronized.m */; };
		99F934E01B0898C10062B296 /* AKAReadabilityViewController.m in Sources */ = {isa = PBXBuildFile; fileRef = 99F934DF1B0898C10062B296 /* AKAReadabilityViewController.m */; };
		99FB28EE1AE7CFE60062214D /* AKACurrentData.m in Sources */ = {isa = PBXBuildFile; fileRef = 99FB28ED1AE7CFE60062214D /* AKACurrentData.m */; };
		99FBE9071AEB431D0022B1F0 /* AKAFetchFeed.m in Sources */ = {isa = PBXBuildFile; fileRef = 99FBE9061AEB431D0022B1F0 /* AKAFetchFeed.m */; };
		99FBE90A1AEDFAC70022B1F0 /* AKAFeedViewController.m in Sources */ = {isa = PBXBuildFile; fileRef = 99FBE9091AEDFAC70022B1F0 /* AKAFeedViewController.m */; };
		99FBE9191AEFB7F50022B1F0 /* AKATopCustomCell.m in Sources */ = {isa = PBXBuildFile; fileRef = 99FBE9171AEFB7F40022B1F0 /* AKATopCustomCell.m */; };
		99FBE91A1AEFB7F50022B1F0 /* AKATopCustomCell.xib in Resources */ = {isa = PBXBuildFile; fileRef = 99FBE9181AEFB7F40022B1F0 /* AKATopCustomCell.xib */; };
		99FBE91D1AF0BD580022B1F0 /* AKASecondCustomCell.xib in Resources */ = {isa = PBXBuildFile; fileRef = 99FBE91C1AF0BD580022B1F0 /* AKASecondCustomCell.xib */; };
		99FBE9211AF0E4B10022B1F0 /* AKAImgCustomCell.m in Sources */ = {isa = PBXBuildFile; fileRef = 99FBE91F1AF0E4B10022B1F0 /* AKAImgCustomCell.m */; };
		99FBE9221AF0E4B10022B1F0 /* AKAImgCustomCell.xib in Resources */ = {isa = PBXBuildFile; fileRef = 99FBE9201AF0E4B10022B1F0 /* AKAImgCustomCell.xib */; };
		99FBE9261AF10BA30022B1F0 /* AKANoImgCustomCell.xib in Resources */ = {isa = PBXBuildFile; fileRef = 99FBE9251AF10BA30022B1F0 /* AKANoImgCustomCell.xib */; };
		99FBE9291AF1D2850022B1F0 /* AKADetailViewController.m in Sources */ = {isa = PBXBuildFile; fileRef = 99FBE9281AF1D2850022B1F0 /* AKADetailViewController.m */; };
		99FBE92C1AF31BAB0022B1F0 /* AKARegularExpression.m in Sources */ = {isa = PBXBuildFile; fileRef = 99FBE92B1AF31BAB0022B1F0 /* AKARegularExpression.m */; };
		99FBE9321AF35D730022B1F0 /* AKADetailCustomCell.m in Sources */ = {isa = PBXBuildFile; fileRef = 99FBE9301AF35D730022B1F0 /* AKADetailCustomCell.m */; };
		99FBE9331AF35D730022B1F0 /* AKADetailCustomCell.xib in Resources */ = {isa = PBXBuildFile; fileRef = 99FBE9311AF35D730022B1F0 /* AKADetailCustomCell.xib */; };
		EAA96D513CBE9BB0827511BE /* libPods.a in Frameworks */ = {isa = PBXBuildFile; fileRef = C231D427ABBCDAB4D87DB76F /* libPods.a */; };
/* End PBXBuildFile section */

/* Begin PBXContainerItemProxy section */
		9906063A1ACBA8660014964E /* PBXContainerItemProxy */ = {
			isa = PBXContainerItemProxy;
			containerPortal = 990606181ACBA8660014964E /* Project object */;
			proxyType = 1;
			remoteGlobalIDString = 9906061F1ACBA8660014964E;
			remoteInfo = rss;
		};
/* End PBXContainerItemProxy section */

/* Begin PBXFileReference section */
		2846C1B22435CA605EBD6E29 /* Pods.release.xcconfig */ = {isa = PBXFileReference; includeInIndex = 1; lastKnownFileType = text.xcconfig; name = Pods.release.xcconfig; path = "Pods/Target Support Files/Pods/Pods.release.xcconfig"; sourceTree = "<group>"; };
		990606201ACBA8660014964E /* rss.app */ = {isa = PBXFileReference; explicitFileType = wrapper.application; includeInIndex = 0; path = rss.app; sourceTree = BUILT_PRODUCTS_DIR; };
		990606241ACBA8660014964E /* Info.plist */ = {isa = PBXFileReference; lastKnownFileType = text.plist.xml; path = Info.plist; sourceTree = "<group>"; };
		990606251ACBA8660014964E /* main.m */ = {isa = PBXFileReference; lastKnownFileType = sourcecode.c.objc; path = main.m; sourceTree = "<group>"; };
		990606271ACBA8660014964E /* AppDelegate.h */ = {isa = PBXFileReference; lastKnownFileType = sourcecode.c.h; path = AppDelegate.h; sourceTree = "<group>"; };
		990606281ACBA8660014964E /* AppDelegate.m */ = {isa = PBXFileReference; lastKnownFileType = sourcecode.c.objc; path = AppDelegate.m; sourceTree = "<group>"; };
		9906062A1ACBA8660014964E /* ViewController.h */ = {isa = PBXFileReference; lastKnownFileType = sourcecode.c.h; path = ViewController.h; sourceTree = "<group>"; };
		9906062B1ACBA8660014964E /* ViewController.m */ = {isa = PBXFileReference; lastKnownFileType = sourcecode.c.objc; path = ViewController.m; sourceTree = "<group>"; };
		9906062E1ACBA8660014964E /* Base */ = {isa = PBXFileReference; lastKnownFileType = file.storyboard; name = Base; path = Base.lproj/Main.storyboard; sourceTree = "<group>"; };
		990606301ACBA8660014964E /* Images.xcassets */ = {isa = PBXFileReference; lastKnownFileType = folder.assetcatalog; path = Images.xcassets; sourceTree = "<group>"; };
		990606331ACBA8660014964E /* Base */ = {isa = PBXFileReference; lastKnownFileType = file.xib; name = Base; path = Base.lproj/LaunchScreen.xib; sourceTree = "<group>"; };
		990606391ACBA8660014964E /* rssTests.xctest */ = {isa = PBXFileReference; explicitFileType = wrapper.cfbundle; includeInIndex = 0; path = rssTests.xctest; sourceTree = BUILT_PRODUCTS_DIR; };
		9906063E1ACBA8660014964E /* Info.plist */ = {isa = PBXFileReference; lastKnownFileType = text.plist.xml; path = Info.plist; sourceTree = "<group>"; };
		9906063F1ACBA8660014964E /* rssTests.m */ = {isa = PBXFileReference; lastKnownFileType = sourcecode.c.objc; path = rssTests.m; sourceTree = "<group>"; };
		9906068F1ACE869C0014964E /* UnreadViewController.h */ = {isa = PBXFileReference; fileEncoding = 4; lastKnownFileType = sourcecode.c.h; path = UnreadViewController.h; sourceTree = "<group>"; };
		990606901ACE869C0014964E /* UnreadViewController.m */ = {isa = PBXFileReference; fileEncoding = 4; lastKnownFileType = sourcecode.c.objc; path = UnreadViewController.m; sourceTree = "<group>"; };
		997E43E91AD3D4BB002CB3BB /* OAuthWebViewController.h */ = {isa = PBXFileReference; fileEncoding = 4; lastKnownFileType = sourcecode.c.h; path = OAuthWebViewController.h; sourceTree = "<group>"; };
		997E43EA1AD3D4BB002CB3BB /* OAuthWebViewController.m */ = {isa = PBXFileReference; fileEncoding = 4; lastKnownFileType = sourcecode.c.objc; path = OAuthWebViewController.m; sourceTree = "<group>"; };
		997E43EC1AD673EF002CB3BB /* Define.h */ = {isa = PBXFileReference; fileEncoding = 4; lastKnownFileType = sourcecode.c.h; path = Define.h; sourceTree = "<group>"; };
		997E43ED1AD67483002CB3BB /* Rss-Prefix.pch */ = {isa = PBXFileReference; lastKnownFileType = sourcecode.c.h; path = "Rss-Prefix.pch"; sourceTree = "<group>"; };
		9987E7751AF36FCE002622EE /* AKAFeedWebViewController.h */ = {isa = PBXFileReference; fileEncoding = 4; lastKnownFileType = sourcecode.c.h; path = AKAFeedWebViewController.h; sourceTree = "<group>"; };
		9987E7761AF36FCE002622EE /* AKAFeedWebViewController.m */ = {isa = PBXFileReference; fileEncoding = 4; lastKnownFileType = sourcecode.c.objc; path = AKAFeedWebViewController.m; sourceTree = "<group>"; };
		9987E7781AF3AA39002622EE /* AKADetailImgCustomCell.xib */ = {isa = PBXFileReference; fileEncoding = 4; lastKnownFileType = file.xib; path = AKADetailImgCustomCell.xib; sourceTree = "<group>"; };
		9987E77A1AF4895C002622EE /* AKAMarkersFeed.h */ = {isa = PBXFileReference; fileEncoding = 4; lastKnownFileType = sourcecode.c.h; path = AKAMarkersFeed.h; sourceTree = "<group>"; };
		9987E77B1AF4895C002622EE /* AKAMarkersFeed.m */ = {isa = PBXFileReference; fileEncoding = 4; lastKnownFileType = sourcecode.c.objc; path = AKAMarkersFeed.m; sourceTree = "<group>"; };
		9987E77D1AF7459C002622EE /* AKAPopupViewController.h */ = {isa = PBXFileReference; fileEncoding = 4; lastKnownFileType = sourcecode.c.h; path = AKAPopupViewController.h; sourceTree = "<group>"; };
		9987E77E1AF7459C002622EE /* AKAPopupViewController.m */ = {isa = PBXFileReference; fileEncoding = 4; lastKnownFileType = sourcecode.c.objc; path = AKAPopupViewController.m; sourceTree = "<group>"; };
		9987E77F1AF7459C002622EE /* AKAPopupViewController.xib */ = {isa = PBXFileReference; fileEncoding = 4; lastKnownFileType = file.xib; path = AKAPopupViewController.xib; sourceTree = "<group>"; };
		9987E7841AF7A0C6002622EE /* AKAUnreadPopupViewController.xib */ = {isa = PBXFileReference; fileEncoding = 4; lastKnownFileType = file.xib; path = AKAUnreadPopupViewController.xib; sourceTree = "<group>"; };
		9987E7861AF7A21B002622EE /* AKAUnsavedPopupViewController.xib */ = {isa = PBXFileReference; fileEncoding = 4; lastKnownFileType = file.xib; path = AKAUnsavedPopupViewController.xib; sourceTree = "<group>"; };
		9987E7881AF7A297002622EE /* AKAReadPopupViewController.xib */ = {isa = PBXFileReference; fileEncoding = 4; lastKnownFileType = file.xib; path = AKAReadPopupViewController.xib; sourceTree = "<group>"; };
		998A2EC51AFCF0A200967A77 /* AKANavigationController.h */ = {isa = PBXFileReference; fileEncoding = 4; lastKnownFileType = sourcecode.c.h; path = AKANavigationController.h; sourceTree = "<group>"; };
		998A2EC61AFCF0A200967A77 /* AKANavigationController.m */ = {isa = PBXFileReference; fileEncoding = 4; lastKnownFileType = sourcecode.c.objc; path = AKANavigationController.m; sourceTree = "<group>"; };
		998A2ECB1AFF693300967A77 /* AKASettingViewController.h */ = {isa = PBXFileReference; fileEncoding = 4; lastKnownFileType = sourcecode.c.h; path = AKASettingViewController.h; sourceTree = "<group>"; };
		998A2ECC1AFF693300967A77 /* AKASettingViewController.m */ = {isa = PBXFileReference; fileEncoding = 4; lastKnownFileType = sourcecode.c.objc; path = AKASettingViewController.m; sourceTree = "<group>"; };
		998C90731B131CFE008CB8D0 /* AKASettingCustomCell.h */ = {isa = PBXFileReference; fileEncoding = 4; lastKnownFileType = sourcecode.c.h; path = AKASettingCustomCell.h; sourceTree = "<group>"; };
		998C90741B131CFE008CB8D0 /* AKASettingCustomCell.m */ = {isa = PBXFileReference; fileEncoding = 4; lastKnownFileType = sourcecode.c.objc; path = AKASettingCustomCell.m; sourceTree = "<group>"; };
		998C90751B131CFE008CB8D0 /* AKASettingCustomCell.xib */ = {isa = PBXFileReference; fileEncoding = 4; lastKnownFileType = file.xib; path = AKASettingCustomCell.xib; sourceTree = "<group>"; };
		998C90781B132157008CB8D0 /* AKADetailSettingViewController.h */ = {isa = PBXFileReference; fileEncoding = 4; lastKnownFileType = sourcecode.c.h; path = AKADetailSettingViewController.h; sourceTree = "<group>"; };
		998C90791B132157008CB8D0 /* AKADetailSettingViewController.m */ = {isa = PBXFileReference; fileEncoding = 4; lastKnownFileType = sourcecode.c.objc; path = AKADetailSettingViewController.m; sourceTree = "<group>"; };
		998C907E1B1B37C2008CB8D0 /* AKAPocketViewController.h */ = {isa = PBXFileReference; fileEncoding = 4; lastKnownFileType = sourcecode.c.h; path = AKAPocketViewController.h; sourceTree = "<group>"; };
		998C907F1B1B37C2008CB8D0 /* AKAPocketViewController.m */ = {isa = PBXFileReference; fileEncoding = 4; lastKnownFileType = sourcecode.c.objc; path = AKAPocketViewController.m; sourceTree = "<group>"; };
		999BEA2B1ADFF0CB0087D51A /* Model.xcdatamodel */ = {isa = PBXFileReference; lastKnownFileType = wrapper.xcdatamodel; path = Model.xcdatamodel; sourceTree = "<group>"; };
		99A0A2DD1AE10DC100A3A592 /* CoreData.framework */ = {isa = PBXFileReference; lastKnownFileType = wrapper.framework; name = CoreData.framework; path = System/Library/Frameworks/CoreData.framework; sourceTree = SDKROOT; };
		99A0A2E51AE110A000A3A592 /* AKACoreData.h */ = {isa = PBXFileReference; fileEncoding = 4; lastKnownFileType = sourcecode.c.h; path = AKACoreData.h; sourceTree = "<group>"; };
		99A0A2E61AE110A000A3A592 /* AKACoreData.m */ = {isa = PBXFileReference; fileEncoding = 4; lastKnownFileType = sourcecode.c.objc; path = AKACoreData.m; sourceTree = "<group>"; };
		99A0A2E81AE1153F00A3A592 /* AKASynchronized.h */ = {isa = PBXFileReference; fileEncoding = 4; lastKnownFileType = sourcecode.c.h; path = AKASynchronized.h; sourceTree = "<group>"; };
		99A0A2E91AE1153F00A3A592 /* AKASynchronized.m */ = {isa = PBXFileReference; fileEncoding = 4; lastKnownFileType = sourcecode.c.objc; path = AKASynchronized.m; sourceTree = "<group>"; };
		99F934DE1B0898C10062B296 /* AKAReadabilityViewController.h */ = {isa = PBXFileReference; fileEncoding = 4; lastKnownFileType = sourcecode.c.h; path = AKAReadabilityViewController.h; sourceTree = "<group>"; };
		99F934DF1B0898C10062B296 /* AKAReadabilityViewController.m */ = {isa = PBXFileReference; fileEncoding = 4; lastKnownFileType = sourcecode.c.objc; path = AKAReadabilityViewController.m; sourceTree = "<group>"; };
		99FB28EC1AE7CFE60062214D /* AKACurrentData.h */ = {isa = PBXFileReference; fileEncoding = 4; lastKnownFileType = sourcecode.c.h; path = AKACurrentData.h; sourceTree = "<group>"; };
		99FB28ED1AE7CFE60062214D /* AKACurrentData.m */ = {isa = PBXFileReference; fileEncoding = 4; lastKnownFileType = sourcecode.c.objc; path = AKACurrentData.m; sourceTree = "<group>"; };
		99FBE9051AEB431D0022B1F0 /* AKAFetchFeed.h */ = {isa = PBXFileReference; fileEncoding = 4; lastKnownFileType = sourcecode.c.h; path = AKAFetchFeed.h; sourceTree = "<group>"; };
		99FBE9061AEB431D0022B1F0 /* AKAFetchFeed.m */ = {isa = PBXFileReference; fileEncoding = 4; lastKnownFileType = sourcecode.c.objc; path = AKAFetchFeed.m; sourceTree = "<group>"; };
		99FBE9081AEDFAC70022B1F0 /* AKAFeedViewController.h */ = {isa = PBXFileReference; fileEncoding = 4; lastKnownFileType = sourcecode.c.h; path = AKAFeedViewController.h; sourceTree = "<group>"; };
		99FBE9091AEDFAC70022B1F0 /* AKAFeedViewController.m */ = {isa = PBXFileReference; fileEncoding = 4; lastKnownFileType = sourcecode.c.objc; path = AKAFeedViewController.m; sourceTree = "<group>"; };
		99FBE9161AEFB7F40022B1F0 /* AKATopCustomCell.h */ = {isa = PBXFileReference; fileEncoding = 4; lastKnownFileType = sourcecode.c.h; path = AKATopCustomCell.h; sourceTree = "<group>"; };
		99FBE9171AEFB7F40022B1F0 /* AKATopCustomCell.m */ = {isa = PBXFileReference; fileEncoding = 4; lastKnownFileType = sourcecode.c.objc; path = AKATopCustomCell.m; sourceTree = "<group>"; };
		99FBE9181AEFB7F40022B1F0 /* AKATopCustomCell.xib */ = {isa = PBXFileReference; fileEncoding = 4; lastKnownFileType = file.xib; path = AKATopCustomCell.xib; sourceTree = "<group>"; };
		99FBE91C1AF0BD580022B1F0 /* AKASecondCustomCell.xib */ = {isa = PBXFileReference; fileEncoding = 4; lastKnownFileType = file.xib; path = AKASecondCustomCell.xib; sourceTree = "<group>"; };
		99FBE91E1AF0E4B10022B1F0 /* AKAImgCustomCell.h */ = {isa = PBXFileReference; fileEncoding = 4; lastKnownFileType = sourcecode.c.h; path = AKAImgCustomCell.h; sourceTree = "<group>"; };
		99FBE91F1AF0E4B10022B1F0 /* AKAImgCustomCell.m */ = {isa = PBXFileReference; fileEncoding = 4; lastKnownFileType = sourcecode.c.objc; path = AKAImgCustomCell.m; sourceTree = "<group>"; };
		99FBE9201AF0E4B10022B1F0 /* AKAImgCustomCell.xib */ = {isa = PBXFileReference; fileEncoding = 4; lastKnownFileType = file.xib; path = AKAImgCustomCell.xib; sourceTree = "<group>"; };
		99FBE9251AF10BA30022B1F0 /* AKANoImgCustomCell.xib */ = {isa = PBXFileReference; fileEncoding = 4; lastKnownFileType = file.xib; path = AKANoImgCustomCell.xib; sourceTree = "<group>"; };
		99FBE9271AF1D2850022B1F0 /* AKADetailViewController.h */ = {isa = PBXFileReference; fileEncoding = 4; lastKnownFileType = sourcecode.c.h; path = AKADetailViewController.h; sourceTree = "<group>"; };
		99FBE9281AF1D2850022B1F0 /* AKADetailViewController.m */ = {isa = PBXFileReference; fileEncoding = 4; lastKnownFileType = sourcecode.c.objc; path = AKADetailViewController.m; sourceTree = "<group>"; };
		99FBE92A1AF31BAB0022B1F0 /* AKARegularExpression.h */ = {isa = PBXFileReference; fileEncoding = 4; lastKnownFileType = sourcecode.c.h; path = AKARegularExpression.h; sourceTree = "<group>"; };
		99FBE92B1AF31BAB0022B1F0 /* AKARegularExpression.m */ = {isa = PBXFileReference; fileEncoding = 4; lastKnownFileType = sourcecode.c.objc; path = AKARegularExpression.m; sourceTree = "<group>"; };
		99FBE92D1AF32E010022B1F0 /* AVFoundation.framework */ = {isa = PBXFileReference; lastKnownFileType = wrapper.framework; name = AVFoundation.framework; path = System/Library/Frameworks/AVFoundation.framework; sourceTree = SDKROOT; };
		99FBE92F1AF35D730022B1F0 /* AKADetailCustomCell.h */ = {isa = PBXFileReference; fileEncoding = 4; lastKnownFileType = sourcecode.c.h; path = AKADetailCustomCell.h; sourceTree = "<group>"; };
		99FBE9301AF35D730022B1F0 /* AKADetailCustomCell.m */ = {isa = PBXFileReference; fileEncoding = 4; lastKnownFileType = sourcecode.c.objc; path = AKADetailCustomCell.m; sourceTree = "<group>"; };
		99FBE9311AF35D730022B1F0 /* AKADetailCustomCell.xib */ = {isa = PBXFileReference; fileEncoding = 4; lastKnownFileType = file.xib; path = AKADetailCustomCell.xib; sourceTree = "<group>"; };
		C231D427ABBCDAB4D87DB76F /* libPods.a */ = {isa = PBXFileReference; explicitFileType = archive.ar; includeInIndex = 0; path = libPods.a; sourceTree = BUILT_PRODUCTS_DIR; };
		EA8E5499C38816703E582A9E /* Pods.debug.xcconfig */ = {isa = PBXFileReference; includeInIndex = 1; lastKnownFileType = text.xcconfig; name = Pods.debug.xcconfig; path = "Pods/Target Support Files/Pods/Pods.debug.xcconfig"; sourceTree = "<group>"; };
/* End PBXFileReference section */

/* Begin PBXFrameworksBuildPhase section */
		9906061D1ACBA8660014964E /* Frameworks */ = {
			isa = PBXFrameworksBuildPhase;
			buildActionMask = 2147483647;
			files = (
				99A0A2DE1AE10DC100A3A592 /* CoreData.framework in Frameworks */,
				EAA96D513CBE9BB0827511BE /* libPods.a in Frameworks */,
			);
			runOnlyForDeploymentPostprocessing = 0;
		};
		990606361ACBA8660014964E /* Frameworks */ = {
			isa = PBXFrameworksBuildPhase;
			buildActionMask = 2147483647;
			files = (
			);
			runOnlyForDeploymentPostprocessing = 0;
		};
/* End PBXFrameworksBuildPhase section */

/* Begin PBXGroup section */
		1B845DE2ECC9CC7F75CA6012 /* Frameworks */ = {
			isa = PBXGroup;
			children = (
				99FBE92D1AF32E010022B1F0 /* AVFoundation.framework */,
				99A0A2DD1AE10DC100A3A592 /* CoreData.framework */,
				C231D427ABBCDAB4D87DB76F /* libPods.a */,
			);
			name = Frameworks;
			sourceTree = "<group>";
		};
		521065B4ACA5639473A9931C /* Pods */ = {
			isa = PBXGroup;
			children = (
				EA8E5499C38816703E582A9E /* Pods.debug.xcconfig */,
				2846C1B22435CA605EBD6E29 /* Pods.release.xcconfig */,
			);
			name = Pods;
			sourceTree = "<group>";
		};
		990606171ACBA8660014964E = {
			isa = PBXGroup;
			children = (
				990606221ACBA8660014964E /* rss */,
				9906063C1ACBA8660014964E /* rssTests */,
				990606211ACBA8660014964E /* Products */,
				521065B4ACA5639473A9931C /* Pods */,
				1B845DE2ECC9CC7F75CA6012 /* Frameworks */,
			);
			sourceTree = "<group>";
		};
		990606211ACBA8660014964E /* Products */ = {
			isa = PBXGroup;
			children = (
				990606201ACBA8660014964E /* rss.app */,
				990606391ACBA8660014964E /* rssTests.xctest */,
			);
			name = Products;
			sourceTree = "<group>";
		};
		990606221ACBA8660014964E /* rss */ = {
			isa = PBXGroup;
			children = (
				997E43EC1AD673EF002CB3BB /* Define.h */,
				990606271ACBA8660014964E /* AppDelegate.h */,
				990606281ACBA8660014964E /* AppDelegate.m */,
				99FBE92A1AF31BAB0022B1F0 /* AKARegularExpression.h */,
				99FBE92B1AF31BAB0022B1F0 /* AKARegularExpression.m */,
				9987E77A1AF4895C002622EE /* AKAMarkersFeed.h */,
				9987E77B1AF4895C002622EE /* AKAMarkersFeed.m */,
				99FBE9151AEFB71F0022B1F0 /* CoreData */,
				99FBE9141AEFB6DC0022B1F0 /* View */,
				9906062D1ACBA8660014964E /* Main.storyboard */,
				990606301ACBA8660014964E /* Images.xcassets */,
				990606321ACBA8660014964E /* LaunchScreen.xib */,
				999BEA2A1ADFF0CB0087D51A /* Model.xcdatamodeld */,
				990606231ACBA8660014964E /* Supporting Files */,
			);
			path = rss;
			sourceTree = "<group>";
		};
		990606231ACBA8660014964E /* Supporting Files */ = {
			isa = PBXGroup;
			children = (
				997E43ED1AD67483002CB3BB /* Rss-Prefix.pch */,
				990606241ACBA8660014964E /* Info.plist */,
				990606251ACBA8660014964E /* main.m */,
			);
			name = "Supporting Files";
			sourceTree = "<group>";
		};
		9906063C1ACBA8660014964E /* rssTests */ = {
			isa = PBXGroup;
			children = (
				9906063F1ACBA8660014964E /* rssTests.m */,
				9906063D1ACBA8660014964E /* Supporting Files */,
			);
			path = rssTests;
			sourceTree = "<group>";
		};
		9906063D1ACBA8660014964E /* Supporting Files */ = {
			isa = PBXGroup;
			children = (
				9906063E1ACBA8660014964E /* Info.plist */,
			);
			name = "Supporting Files";
			sourceTree = "<group>";
		};
		9987E7821AF74965002622EE /* Popup */ = {
			isa = PBXGroup;
			children = (
				9987E77D1AF7459C002622EE /* AKAPopupViewController.h */,
				9987E77E1AF7459C002622EE /* AKAPopupViewController.m */,
				9987E77F1AF7459C002622EE /* AKAPopupViewController.xib */,
				9987E7861AF7A21B002622EE /* AKAUnsavedPopupViewController.xib */,
				9987E7841AF7A0C6002622EE /* AKAUnreadPopupViewController.xib */,
				9987E7881AF7A297002622EE /* AKAReadPopupViewController.xib */,
			);
			name = Popup;
			sourceTree = "<group>";
		};
		9987E7831AF74997002622EE /* Web */ = {
			isa = PBXGroup;
			children = (
				997E43E91AD3D4BB002CB3BB /* OAuthWebViewController.h */,
				997E43EA1AD3D4BB002CB3BB /* OAuthWebViewController.m */,
				9987E7751AF36FCE002622EE /* AKAFeedWebViewController.h */,
				9987E7761AF36FCE002622EE /* AKAFeedWebViewController.m */,
				99F934DE1B0898C10062B296 /* AKAReadabilityViewController.h */,
				99F934DF1B0898C10062B296 /* AKAReadabilityViewController.m */,
			);
			name = Web;
			sourceTree = "<group>";
		};
		998C90721B130A76008CB8D0 /* ViewController */ = {
			isa = PBXGroup;
			children = (
				998A2EC51AFCF0A200967A77 /* AKANavigationController.h */,
				998A2EC61AFCF0A200967A77 /* AKANavigationController.m */,
				9906062A1ACBA8660014964E /* ViewController.h */,
				9906062B1ACBA8660014964E /* ViewController.m */,
				9906068F1ACE869C0014964E /* UnreadViewController.h */,
				990606901ACE869C0014964E /* UnreadViewController.m */,
				99FBE9081AEDFAC70022B1F0 /* AKAFeedViewController.h */,
				99FBE9091AEDFAC70022B1F0 /* AKAFeedViewController.m */,
				99FBE9271AF1D2850022B1F0 /* AKADetailViewController.h */,
				99FBE9281AF1D2850022B1F0 /* AKADetailViewController.m */,
				998A2ECB1AFF693300967A77 /* AKASettingViewController.h */,
				998A2ECC1AFF693300967A77 /* AKASettingViewController.m */,
				998C90781B132157008CB8D0 /* AKADetailSettingViewController.h */,
				998C90791B132157008CB8D0 /* AKADetailSettingViewController.m */,
				998C907E1B1B37C2008CB8D0 /* AKAPocketViewController.h */,
				998C907F1B1B37C2008CB8D0 /* AKAPocketViewController.m */,
			);
			name = ViewController;
			sourceTree = "<group>";
		};
		99FBE9141AEFB6DC0022B1F0 /* View */ = {
			isa = PBXGroup;
			children = (
				998C90721B130A76008CB8D0 /* ViewController */,
				9987E7831AF74997002622EE /* Web */,
				9987E7821AF74965002622EE /* Popup */,
				99FBE91B1AEFB8720022B1F0 /* Cell */,
			);
			name = View;
			sourceTree = "<group>";
		};
		99FBE9151AEFB71F0022B1F0 /* CoreData */ = {
			isa = PBXGroup;
			children = (
				99A0A2E51AE110A000A3A592 /* AKACoreData.h */,
				99A0A2E61AE110A000A3A592 /* AKACoreData.m */,
				99FB28EC1AE7CFE60062214D /* AKACurrentData.h */,
				99FB28ED1AE7CFE60062214D /* AKACurrentData.m */,
				99FBE9051AEB431D0022B1F0 /* AKAFetchFeed.h */,
				99FBE9061AEB431D0022B1F0 /* AKAFetchFeed.m */,
				99A0A2E81AE1153F00A3A592 /* AKASynchronized.h */,
				99A0A2E91AE1153F00A3A592 /* AKASynchronized.m */,
			);
			name = CoreData;
			sourceTree = "<group>";
		};
		99FBE91B1AEFB8720022B1F0 /* Cell */ = {
			isa = PBXGroup;
			children = (
				99FBE9161AEFB7F40022B1F0 /* AKATopCustomCell.h */,
				99FBE9171AEFB7F40022B1F0 /* AKATopCustomCell.m */,
				99FBE9181AEFB7F40022B1F0 /* AKATopCustomCell.xib */,
				99FBE91C1AF0BD580022B1F0 /* AKASecondCustomCell.xib */,
				99FBE91E1AF0E4B10022B1F0 /* AKAImgCustomCell.h */,
				99FBE91F1AF0E4B10022B1F0 /* AKAImgCustomCell.m */,
				99FBE9201AF0E4B10022B1F0 /* AKAImgCustomCell.xib */,
				99FBE9251AF10BA30022B1F0 /* AKANoImgCustomCell.xib */,
				99FBE92F1AF35D730022B1F0 /* AKADetailCustomCell.h */,
				99FBE9301AF35D730022B1F0 /* AKADetailCustomCell.m */,
				99FBE9311AF35D730022B1F0 /* AKADetailCustomCell.xib */,
				9987E7781AF3AA39002622EE /* AKADetailImgCustomCell.xib */,
				998C90731B131CFE008CB8D0 /* AKASettingCustomCell.h */,
				998C90741B131CFE008CB8D0 /* AKASettingCustomCell.m */,
				998C90751B131CFE008CB8D0 /* AKASettingCustomCell.xib */,
			);
			name = Cell;
			sourceTree = "<group>";
		};
/* End PBXGroup section */

/* Begin PBXNativeTarget section */
		9906061F1ACBA8660014964E /* rss */ = {
			isa = PBXNativeTarget;
			buildConfigurationList = 990606431ACBA8660014964E /* Build configuration list for PBXNativeTarget "rss" */;
			buildPhases = (
				AC2BAEF2B817D07AC1EA8E86 /* Check Pods Manifest.lock */,
				9906061C1ACBA8660014964E /* Sources */,
				9906061D1ACBA8660014964E /* Frameworks */,
				9906061E1ACBA8660014964E /* Resources */,
				63A55ED470C82E3EDBB00079 /* Copy Pods Resources */,
			);
			buildRules = (
			);
			dependencies = (
			);
			name = rss;
			productName = rss;
			productReference = 990606201ACBA8660014964E /* rss.app */;
			productType = "com.apple.product-type.application";
		};
		990606381ACBA8660014964E /* rssTests */ = {
			isa = PBXNativeTarget;
			buildConfigurationList = 990606461ACBA8660014964E /* Build configuration list for PBXNativeTarget "rssTests" */;
			buildPhases = (
				990606351ACBA8660014964E /* Sources */,
				990606361ACBA8660014964E /* Frameworks */,
				990606371ACBA8660014964E /* Resources */,
			);
			buildRules = (
			);
			dependencies = (
				9906063B1ACBA8660014964E /* PBXTargetDependency */,
			);
			name = rssTests;
			productName = rssTests;
			productReference = 990606391ACBA8660014964E /* rssTests.xctest */;
			productType = "com.apple.product-type.bundle.unit-test";
		};
/* End PBXNativeTarget section */

/* Begin PBXProject section */
		990606181ACBA8660014964E /* Project object */ = {
			isa = PBXProject;
			attributes = {
				CLASSPREFIX = AKA;
				LastUpgradeCheck = 0620;
				ORGANIZATIONNAME = akaimo;
				TargetAttributes = {
					9906061F1ACBA8660014964E = {
						CreatedOnToolsVersion = 6.2;
						DevelopmentTeam = V234C4FQ67;
					};
					990606381ACBA8660014964E = {
						CreatedOnToolsVersion = 6.2;
						TestTargetID = 9906061F1ACBA8660014964E;
					};
				};
			};
			buildConfigurationList = 9906061B1ACBA8660014964E /* Build configuration list for PBXProject "rss" */;
			compatibilityVersion = "Xcode 3.2";
			developmentRegion = English;
			hasScannedForEncodings = 0;
			knownRegions = (
				en,
				Base,
			);
			mainGroup = 990606171ACBA8660014964E;
			productRefGroup = 990606211ACBA8660014964E /* Products */;
			projectDirPath = "";
			projectRoot = "";
			targets = (
				9906061F1ACBA8660014964E /* rss */,
				990606381ACBA8660014964E /* rssTests */,
			);
		};
/* End PBXProject section */

/* Begin PBXResourcesBuildPhase section */
		9906061E1ACBA8660014964E /* Resources */ = {
			isa = PBXResourcesBuildPhase;
			buildActionMask = 2147483647;
			files = (
				99FBE91A1AEFB7F50022B1F0 /* AKATopCustomCell.xib in Resources */,
				998C90771B131CFE008CB8D0 /* AKASettingCustomCell.xib in Resources */,
				9987E7851AF7A0C6002622EE /* AKAUnreadPopupViewController.xib in Resources */,
				99FBE91D1AF0BD580022B1F0 /* AKASecondCustomCell.xib in Resources */,
				99FBE9221AF0E4B10022B1F0 /* AKAImgCustomCell.xib in Resources */,
				9987E7871AF7A21B002622EE /* AKAUnsavedPopupViewController.xib in Resources */,
				99FBE9331AF35D730022B1F0 /* AKADetailCustomCell.xib in Resources */,
				9987E7891AF7A297002622EE /* AKAReadPopupViewController.xib in Resources */,
				99FBE9261AF10BA30022B1F0 /* AKANoImgCustomCell.xib in Resources */,
				9906062F1ACBA8660014964E /* Main.storyboard in Resources */,
				990606341ACBA8660014964E /* LaunchScreen.xib in Resources */,
				990606311ACBA8660014964E /* Images.xcassets in Resources */,
				9987E7791AF3AA39002622EE /* AKADetailImgCustomCell.xib in Resources */,
				9987E7811AF7459C002622EE /* AKAPopupViewController.xib in Resources */,
			);
			runOnlyForDeploymentPostprocessing = 0;
		};
		990606371ACBA8660014964E /* Resources */ = {
			isa = PBXResourcesBuildPhase;
			buildActionMask = 2147483647;
			files = (
			);
			runOnlyForDeploymentPostprocessing = 0;
		};
/* End PBXResourcesBuildPhase section */

/* Begin PBXShellScriptBuildPhase section */
		63A55ED470C82E3EDBB00079 /* Copy Pods Resources */ = {
			isa = PBXShellScriptBuildPhase;
			buildActionMask = 2147483647;
			files = (
			);
			inputPaths = (
			);
			name = "Copy Pods Resources";
			outputPaths = (
			);
			runOnlyForDeploymentPostprocessing = 0;
			shellPath = /bin/sh;
			shellScript = "\"${SRCROOT}/Pods/Target Support Files/Pods/Pods-resources.sh\"\n";
			showEnvVarsInLog = 0;
		};
		AC2BAEF2B817D07AC1EA8E86 /* Check Pods Manifest.lock */ = {
			isa = PBXShellScriptBuildPhase;
			buildActionMask = 2147483647;
			files = (
			);
			inputPaths = (
			);
			name = "Check Pods Manifest.lock";
			outputPaths = (
			);
			runOnlyForDeploymentPostprocessing = 0;
			shellPath = /bin/sh;
			shellScript = "diff \"${PODS_ROOT}/../Podfile.lock\" \"${PODS_ROOT}/Manifest.lock\" > /dev/null\nif [[ $? != 0 ]] ; then\n    cat << EOM\nerror: The sandbox is not in sync with the Podfile.lock. Run 'pod install' or update your CocoaPods installation.\nEOM\n    exit 1\nfi\n";
			showEnvVarsInLog = 0;
		};
/* End PBXShellScriptBuildPhase section */

/* Begin PBXSourcesBuildPhase section */
		9906061C1ACBA8660014964E /* Sources */ = {
			isa = PBXSourcesBuildPhase;
			buildActionMask = 2147483647;
			files = (
				9906062C1ACBA8660014964E /* ViewController.m in Sources */,
				99A0A2EA1AE1153F00A3A592 /* AKASynchronized.m in Sources */,
				99A0A2E71AE110A000A3A592 /* AKACoreData.m in Sources */,
				998C907A1B132157008CB8D0 /* AKADetailSettingViewController.m in Sources */,
				99FBE9291AF1D2850022B1F0 /* AKADetailViewController.m in Sources */,
				99FBE90A1AEDFAC70022B1F0 /* AKAFeedViewController.m in Sources */,
				998A2EC71AFCF0A200967A77 /* AKANavigationController.m in Sources */,
				99FBE92C1AF31BAB0022B1F0 /* AKARegularExpression.m in Sources */,
				998C90761B131CFE008CB8D0 /* AKASettingCustomCell.m in Sources */,
				99FBE9191AEFB7F50022B1F0 /* AKATopCustomCell.m in Sources */,
				9987E77C1AF4895C002622EE /* AKAMarkersFeed.m in Sources */,
				990606291ACBA8660014964E /* AppDelegate.m in Sources */,
				99FBE9211AF0E4B10022B1F0 /* AKAImgCustomCell.m in Sources */,
				990606261ACBA8660014964E /* main.m in Sources */,
				998C90801B1B37C2008CB8D0 /* AKAPocketViewController.m in Sources */,
				9987E7771AF36FCE002622EE /* AKAFeedWebViewController.m in Sources */,
				99FB28EE1AE7CFE60062214D /* AKACurrentData.m in Sources */,
				99FBE9321AF35D730022B1F0 /* AKADetailCustomCell.m in Sources */,
				99FBE9071AEB431D0022B1F0 /* AKAFetchFeed.m in Sources */,
				997E43EB1AD3D4BB002CB3BB /* OAuthWebViewController.m in Sources */,
				99F934E01B0898C10062B296 /* AKAReadabilityViewController.m in Sources */,
				990606911ACE869C0014964E /* UnreadViewController.m in Sources */,
				998A2ECD1AFF693300967A77 /* AKASettingViewController.m in Sources */,
				9987E7801AF7459C002622EE /* AKAPopupViewController.m in Sources */,
				999BEA2C1ADFF0CB0087D51A /* Model.xcdatamodeld in Sources */,
			);
			runOnlyForDeploymentPostprocessing = 0;
		};
		990606351ACBA8660014964E /* Sources */ = {
			isa = PBXSourcesBuildPhase;
			buildActionMask = 2147483647;
			files = (
				990606401ACBA8660014964E /* rssTests.m in Sources */,
			);
			runOnlyForDeploymentPostprocessing = 0;
		};
/* End PBXSourcesBuildPhase section */

/* Begin PBXTargetDependency section */
		9906063B1ACBA8660014964E /* PBXTargetDependency */ = {
			isa = PBXTargetDependency;
			target = 9906061F1ACBA8660014964E /* rss */;
			targetProxy = 9906063A1ACBA8660014964E /* PBXContainerItemProxy */;
		};
/* End PBXTargetDependency section */

/* Begin PBXVariantGroup section */
		9906062D1ACBA8660014964E /* Main.storyboard */ = {
			isa = PBXVariantGroup;
			children = (
				9906062E1ACBA8660014964E /* Base */,
			);
			name = Main.storyboard;
			sourceTree = "<group>";
		};
		990606321ACBA8660014964E /* LaunchScreen.xib */ = {
			isa = PBXVariantGroup;
			children = (
				990606331ACBA8660014964E /* Base */,
			);
			name = LaunchScreen.xib;
			sourceTree = "<group>";
		};
/* End PBXVariantGroup section */

/* Begin XCBuildConfiguration section */
		990606411ACBA8660014964E /* Debug */ = {
			isa = XCBuildConfiguration;
			buildSettings = {
				ALWAYS_SEARCH_USER_PATHS = NO;
				CLANG_CXX_LANGUAGE_STANDARD = "gnu++0x";
				CLANG_CXX_LIBRARY = "libc++";
				CLANG_ENABLE_MODULES = YES;
				CLANG_ENABLE_OBJC_ARC = YES;
				CLANG_WARN_BOOL_CONVERSION = YES;
				CLANG_WARN_CONSTANT_CONVERSION = YES;
				CLANG_WARN_DIRECT_OBJC_ISA_USAGE = YES_ERROR;
				CLANG_WARN_EMPTY_BODY = YES;
				CLANG_WARN_ENUM_CONVERSION = YES;
				CLANG_WARN_INT_CONVERSION = YES;
				CLANG_WARN_OBJC_ROOT_CLASS = YES_ERROR;
				CLANG_WARN_UNREACHABLE_CODE = YES;
				CLANG_WARN__DUPLICATE_METHOD_MATCH = YES;
				"CODE_SIGN_IDENTITY[sdk=iphoneos*]" = "iPhone Developer";
				COPY_PHASE_STRIP = NO;
				ENABLE_STRICT_OBJC_MSGSEND = YES;
				GCC_C_LANGUAGE_STANDARD = gnu99;
				GCC_DYNAMIC_NO_PIC = NO;
				GCC_OPTIMIZATION_LEVEL = 0;
				GCC_PREPROCESSOR_DEFINITIONS = (
					"DEBUG=1",
					"$(inherited)",
				);
				GCC_SYMBOLS_PRIVATE_EXTERN = NO;
				GCC_WARN_64_TO_32_BIT_CONVERSION = YES;
				GCC_WARN_ABOUT_RETURN_TYPE = YES_ERROR;
				GCC_WARN_UNDECLARED_SELECTOR = YES;
				GCC_WARN_UNINITIALIZED_AUTOS = YES_AGGRESSIVE;
				GCC_WARN_UNUSED_FUNCTION = YES;
				GCC_WARN_UNUSED_VARIABLE = YES;
				IPHONEOS_DEPLOYMENT_TARGET = 8.2;
				MTL_ENABLE_DEBUG_INFO = YES;
				ONLY_ACTIVE_ARCH = YES;
				SDKROOT = iphoneos;
			};
			name = Debug;
		};
		990606421ACBA8660014964E /* Release */ = {
			isa = XCBuildConfiguration;
			buildSettings = {
				ALWAYS_SEARCH_USER_PATHS = NO;
				CLANG_CXX_LANGUAGE_STANDARD = "gnu++0x";
				CLANG_CXX_LIBRARY = "libc++";
				CLANG_ENABLE_MODULES = YES;
				CLANG_ENABLE_OBJC_ARC = YES;
				CLANG_WARN_BOOL_CONVERSION = YES;
				CLANG_WARN_CONSTANT_CONVERSION = YES;
				CLANG_WARN_DIRECT_OBJC_ISA_USAGE = YES_ERROR;
				CLANG_WARN_EMPTY_BODY = YES;
				CLANG_WARN_ENUM_CONVERSION = YES;
				CLANG_WARN_INT_CONVERSION = YES;
				CLANG_WARN_OBJC_ROOT_CLASS = YES_ERROR;
				CLANG_WARN_UNREACHABLE_CODE = YES;
				CLANG_WARN__DUPLICATE_METHOD_MATCH = YES;
				"CODE_SIGN_IDENTITY[sdk=iphoneos*]" = "iPhone Developer";
				COPY_PHASE_STRIP = NO;
				ENABLE_NS_ASSERTIONS = NO;
				ENABLE_STRICT_OBJC_MSGSEND = YES;
				GCC_C_LANGUAGE_STANDARD = gnu99;
				GCC_WARN_64_TO_32_BIT_CONVERSION = YES;
				GCC_WARN_ABOUT_RETURN_TYPE = YES_ERROR;
				GCC_WARN_UNDECLARED_SELECTOR = YES;
				GCC_WARN_UNINITIALIZED_AUTOS = YES_AGGRESSIVE;
				GCC_WARN_UNUSED_FUNCTION = YES;
				GCC_WARN_UNUSED_VARIABLE = YES;
				IPHONEOS_DEPLOYMENT_TARGET = 8.2;
				MTL_ENABLE_DEBUG_INFO = NO;
				SDKROOT = iphoneos;
				VALIDATE_PRODUCT = YES;
			};
			name = Release;
		};
		990606441ACBA8660014964E /* Debug */ = {
			isa = XCBuildConfiguration;
			baseConfigurationReference = EA8E5499C38816703E582A9E /* Pods.debug.xcconfig */;
			buildSettings = {
				ASSETCATALOG_COMPILER_APPICON_NAME = AppIcon;
				CODE_SIGN_IDENTITY = "iPhone Developer";
				GCC_PREFIX_HEADER = "rss/Rss-Prefix.pch";
				INFOPLIST_FILE = rss/Info.plist;
				IPHONEOS_DEPLOYMENT_TARGET = 8.0;
				LD_RUNPATH_SEARCH_PATHS = "$(inherited) @executable_path/Frameworks";
				PRODUCT_NAME = "$(TARGET_NAME)";
			};
			name = Debug;
		};
		990606451ACBA8660014964E /* Release */ = {
			isa = XCBuildConfiguration;
			baseConfigurationReference = 2846C1B22435CA605EBD6E29 /* Pods.release.xcconfig */;
			buildSettings = {
				ASSETCATALOG_COMPILER_APPICON_NAME = AppIcon;
				CODE_SIGN_IDENTITY = "iPhone Developer";
				GCC_PREFIX_HEADER = "rss/Rss-Prefix.pch";
				INFOPLIST_FILE = rss/Info.plist;
				IPHONEOS_DEPLOYMENT_TARGET = 8.0;
				LD_RUNPATH_SEARCH_PATHS = "$(inherited) @executable_path/Frameworks";
				PRODUCT_NAME = "$(TARGET_NAME)";
			};
			name = Release;
		};
		990606471ACBA8660014964E /* Debug */ = {
			isa = XCBuildConfiguration;
			buildSettings = {
				BUNDLE_LOADER = "$(TEST_HOST)";
				FRAMEWORK_SEARCH_PATHS = (
					"$(SDKROOT)/Developer/Library/Frameworks",
					"$(inherited)",
				);
				GCC_PREPROCESSOR_DEFINITIONS = (
					"DEBUG=1",
					"$(inherited)",
				);
				INFOPLIST_FILE = rssTests/Info.plist;
				LD_RUNPATH_SEARCH_PATHS = "$(inherited) @executable_path/Frameworks @loader_path/Frameworks";
				PRODUCT_NAME = "$(TARGET_NAME)";
				TEST_HOST = "$(BUILT_PRODUCTS_DIR)/rss.app/rss";
			};
			name = Debug;
		};
		990606481ACBA8660014964E /* Release */ = {
			isa = XCBuildConfiguration;
			buildSettings = {
				BUNDLE_LOADER = "$(TEST_HOST)";
				FRAMEWORK_SEARCH_PATHS = (
					"$(SDKROOT)/Developer/Library/Frameworks",
					"$(inherited)",
				);
				INFOPLIST_FILE = rssTests/Info.plist;
				LD_RUNPATH_SEARCH_PATHS = "$(inherited) @executable_path/Frameworks @loader_path/Frameworks";
				PRODUCT_NAME = "$(TARGET_NAME)";
				TEST_HOST = "$(BUILT_PRODUCTS_DIR)/rss.app/rss";
			};
			name = Release;
		};
/* End XCBuildConfiguration section */

/* Begin XCConfigurationList section */
		9906061B1ACBA8660014964E /* Build configuration list for PBXProject "rss" */ = {
			isa = XCConfigurationList;
			buildConfigurations = (
				990606411ACBA8660014964E /* Debug */,
				990606421ACBA8660014964E /* Release */,
			);
			defaultConfigurationIsVisible = 0;
			defaultConfigurationName = Release;
		};
		990606431ACBA8660014964E /* Build configuration list for PBXNativeTarget "rss" */ = {
			isa = XCConfigurationList;
			buildConfigurations = (
				990606441ACBA8660014964E /* Debug */,
				990606451ACBA8660014964E /* Release */,
			);
			defaultConfigurationIsVisible = 0;
			defaultConfigurationName = Release;
		};
		990606461ACBA8660014964E /* Build configuration list for PBXNativeTarget "rssTests" */ = {
			isa = XCConfigurationList;
			buildConfigurations = (
				990606471ACBA8660014964E /* Debug */,
				990606481ACBA8660014964E /* Release */,
			);
			defaultConfigurationIsVisible = 0;
			defaultConfigurationName = Release;
		};
/* End XCConfigurationList section */

/* Begin XCVersionGroup section */
		999BEA2A1ADFF0CB0087D51A /* Model.xcdatamodeld */ = {
			isa = XCVersionGroup;
			children = (
				999BEA2B1ADFF0CB0087D51A /* Model.xcdatamodel */,
			);
			currentVersion = 999BEA2B1ADFF0CB0087D51A /* Model.xcdatamodel */;
			path = Model.xcdatamodeld;
			sourceTree = "<group>";
			versionGroupType = wrapper.xcdatamodel;
		};
/* End XCVersionGroup section */
	};
	rootObject = 990606181ACBA8660014964E /* Project object */;
}
